
Microsoft Visual Studio Solution File, Format Version 12.00
# Visual Studio Version 17
VisualStudioVersion = 17.8.34330.188
MinimumVisualStudioVersion = 10.0.40219.1
Project("{FAE04EC0-301F-11D3-BF4B-00C04F79EFBC}") = "Clinic", "Clinic.csproj", "{92272BEA-925C-45F4-9A70-D189AD58605E}"
EndProject
Global
	GlobalSection(SolutionConfigurationPlatforms) = preSolution
		Debug|Any CPU = Debug|Any CPU
		Release|Any CPU = Release|Any CPU
	EndGlobalSection
	GlobalSection(ProjectConfigurationPlatforms) = postSolution
		{92272BEA-925C-45F4-9A70-D189AD58605E}.Debug|Any CPU.ActiveCfg = Debug|Any CPU
		{92272BEA-925C-45F4-9A70-D189AD58605E}.Debug|Any CPU.Build.0 = Debug|Any CPU
		{92272BEA-925C-45F4-9A70-D189AD58605E}.Release|Any CPU.ActiveCfg = Release|Any CPU
		{92272BEA-925C-45F4-9A70-D189AD58605E}.Release|Any CPU.Build.0 = Release|Any CPU
	EndGlobalSection
	GlobalSection(SolutionProperties) = preSolution
		HideSolutionNode = FALSE
	EndGlobalSection
	GlobalSection(ExtensibilityGlobals) = postSolution
		SolutionGuid = {B258D83C-4E59-4050-97BD-D4F905DEBEF3}
	EndGlobalSection
EndGlobal
